
Microsoft Visual Studio Solution File, Format Version 12.00
# Visual Studio 15
VisualStudioVersion = 15.0.28307.1145
MinimumVisualStudioVersion = 10.0.40219.1
Project("{FAE04EC0-301F-11D3-BF4B-00C04F79EFBC}") = "QATesting", "QATesting\QATesting.csproj", "{3EFF1200-F4EE-40DE-8F74-FAD62D51AE8B}"
EndProject
Global
	GlobalSection(SolutionConfigurationPlatforms) = preSolution
		Debug|Any CPU = Debug|Any CPU
		Release|Any CPU = Release|Any CPU
	EndGlobalSection
	GlobalSection(ProjectConfigurationPlatforms) = postSolution
		{3EFF1200-F4EE-40DE-8F74-FAD62D51AE8B}.Debug|Any CPU.ActiveCfg = Debug|Any CPU
		{3EFF1200-F4EE-40DE-8F74-FAD62D51AE8B}.Debug|Any CPU.Build.0 = Debug|Any CPU
		{3EFF1200-F4EE-40DE-8F74-FAD62D51AE8B}.Release|Any CPU.ActiveCfg = Release|Any CPU
		{3EFF1200-F4EE-40DE-8F74-FAD62D51AE8B}.Release|Any CPU.Build.0 = Release|Any CPU
	EndGlobalSection
	GlobalSection(SolutionProperties) = preSolution
		HideSolutionNode = FALSE
	EndGlobalSection
	GlobalSection(ExtensibilityGlobals) = postSolution
		SolutionGuid = {042F5F5A-219C-457B-8241-C60FB45C921B}
	EndGlobalSection
EndGlobal
